{
  "name": "perf_demo",
  "version": "1.0.0",
  "lockfileVersion": 3,
  "requires": true,
  "packages": {
    "": {
      "name": "perf_demo",
      "version": "1.0.0",
      "license": "ISC",
      "dependencies": {
        "lite-youtube-embed": "^0.3.3"
      }
    },
    "node_modules/lite-youtube-embed": {
      "version": "0.3.3",
      "resolved": "https://registry.npmjs.org/lite-youtube-embed/-/lite-youtube-embed-0.3.3.tgz",
      "integrity": "sha512-gFfVVnj6NRjxVfJKo3qoLtpi0v5mn3AcR4eKD45wrxQuxzveFJUb+7Cr6uV6n+DjO8X3p0UzPPquhGt0H/y+NA=="
    }
  }
}
